# THIS IS AN AUTOGENERATED FILE. DO NOT EDIT THIS FILE DIRECTLY.
# yarn lockfile v1


"@babel/runtime@^7.10.5", "@babel/runtime@^7.7.2":
  version "7.19.0"
  resolved "https://registry.npmmirror.com/@babel/runtime/-/runtime-7.19.0.tgz#22b11c037b094d27a8a2504ea4dcff00f50e2259"
  integrity sha512-eR8Lo9hnDS7tqkO7NsV+mKvCmv5boaXFSZ70DnfhcgiEne8hv9oCEd36Klw74EtizEqLsy4YnW8UWwpBVolHZA==
  dependencies:
    regenerator-runtime "^0.13.4"

import-html-entry@^1.14.0:
  version "1.14.0"
  resolved "https://registry.npmmirror.com/import-html-entry/-/import-html-entry-1.14.0.tgz#9a05928373bb7e9362cd8dd428a82387a87524ff"
  integrity sha512-CQQMV+2rxHCLMSXsajV1cjT1g6xi3ujMAPnGwR96xHaN5/JEVIOUGkM7LDRn73dk8E8NaHmOf3rvPPExPPe1xw==
  dependencies:
    "@babel/runtime" "^7.7.2"

lodash@^4.17.11:
  version "4.17.21"
  resolved "https://registry.npmmirror.com/lodash/-/lodash-4.17.21.tgz#679591c564c3bffaae8454cf0b3df370c3d6911c"
  integrity sha512-v2kDEe57lecTulaDIuNTPy3Ry4gLGJ6Z1O3vE1krgXZNrsQ+LFTGHVxVjcXPs17LhbZVGedAJv8XZ1tvj5FvSg==

path-to-regexp@^6.2.1:
  version "6.2.1"
  resolved "https://registry.npmmirror.com/path-to-regexp/-/path-to-regexp-6.2.1.tgz#d54934d6798eb9e5ef14e7af7962c945906918e5"
  integrity sha512-JLyh7xT1kizaEvcaXOQwOc2/Yhw6KZOvPf1S8401UyLk86CU79LN3vl7ztXGm/pZ+YjoyAJ4rxmHwbkBXJX+yw==

qiankun@^2.8.1:
  version "2.8.1"
  resolved "https://registry.npmmirror.com/qiankun/-/qiankun-2.8.1.tgz#97acc2155dc41370d5ae083c9893ad9fb2205ef6"
  integrity sha512-pPYqbwzvouwV2NgB91Xh7ZLIogyX5qgIBmUwhceUU3V6+TjnFPOGMZ7eRj7z5tDCHAzQeMb7pATPlBV5Nk2uiA==
  dependencies:
    "@babel/runtime" "^7.10.5"
    import-html-entry "^1.14.0"
    lodash "^4.17.11"
    single-spa "^5.9.2"

regenerator-runtime@^0.13.4:
  version "0.13.9"
  resolved "https://registry.npmmirror.com/regenerator-runtime/-/regenerator-runtime-0.13.9.tgz#8925742a98ffd90814988d7566ad30ca3b263b52"
  integrity sha512-p3VT+cOEgxFsRRA9X4lkI1E+k2/CtnKtU4gcxyaCUreilL/vqI6CdZ3wxVUx3UOUg+gnUOQQcRI7BmSI656MYA==

single-spa@^5.9.2:
  version "5.9.4"
  resolved "https://registry.npmmirror.com/single-spa/-/single-spa-5.9.4.tgz#2a995b0784867a3f60ceb458de295ee67f045077"
  integrity sha512-QkEoh0AzGuU82qnbUUk0ydF78QbU5wMKqKKJn7uUQfBiOYlRQEfIOpLM4m23Sab+kTOLI1kbYhYeiQ7fX5KVVw==

typescript@^4.8.4:
  version "4.8.4"
  resolved "https://registry.npmmirror.com/typescript/-/typescript-4.8.4.tgz#c464abca159669597be5f96b8943500b238e60e6"
  integrity sha512-QCh+85mCy+h0IGff8r5XWzOVSbBO+KfeYrMQh7NJ58QujwcE22u+NUSmUxqF+un70P9GXKxa2HCNiTTMJknyjQ==
